// !$*UTF8*$!
{
	archiveVersion = 1;
	classes = {
	};
	objectVersion = 50;
	objects = {

/* Begin PBXBuildFile section */
		E5A5B38F21460790004AD72F /* AppDelegate.m in Sources */ = {isa = PBXBuildFile; fileRef = E5A5B38E21460790004AD72F /* AppDelegate.m */; };
		E5A5B39221460790004AD72F /* ViewController.m in Sources */ = {isa = PBXBuildFile; fileRef = E5A5B39121460790004AD72F /* ViewController.m */; };
		E5A5B39521460790004AD72F /* Main.storyboard in Resources */ = {isa = PBXBuildFile; fileRef = E5A5B39321460790004AD72F /* Main.storyboard */; };
		E5A5B39721460791004AD72F /* Assets.xcassets in Resources */ = {isa = PBXBuildFile; fileRef = E5A5B39621460791004AD72F /* Assets.xcassets */; };
		E5A5B39A21460791004AD72F /* LaunchScreen.storyboard in Resources */ = {isa = PBXBuildFile; fileRef = E5A5B39821460791004AD72F /* LaunchScreen.storyboard */; };
		E5A5B39D21460791004AD72F /* main.m in Sources */ = {isa = PBXBuildFile; fileRef = E5A5B39C21460791004AD72F /* main.m */; };
/* End PBXBuildFile section */

/* Begin PBXFileReference section */
		E5A5B38A21460790004AD72F /* ProjectFramework.app */ = {isa = PBXFileReference; explicitFileType = wrapper.application; includeInIndex = 0; path = ProjectFramework.app; sourceTree = BUILT_PRODUCTS_DIR; };
		E5A5B38D21460790004AD72F /* AppDelegate.h */ = {isa = PBXFileReference; lastKnownFileType = sourcecode.c.h; path = AppDelegate.h; sourceTree = "<group>"; };
		E5A5B38E21460790004AD72F /* AppDelegate.m */ = {isa = PBXFileReference; lastKnownFileType = sourcecode.c.objc; path = AppDelegate.m; sourceTree = "<group>"; };
		E5A5B39021460790004AD72F /* ViewController.h */ = {isa = PBXFileReference; lastKnownFileType = sourcecode.c.h; path = ViewController.h; sourceTree = "<group>"; };
		E5A5B39121460790004AD72F /* ViewController.m */ = {isa = PBXFileReference; lastKnownFileType = sourcecode.c.objc; path = ViewController.m; sourceTree = "<group>"; };
		E5A5B39421460790004AD72F /* Base */ = {isa = PBXFileReference; lastKnownFileType = file.storyboard; name = Base; path = Base.lproj/Main.storyboard; sourceTree = "<group>"; };
		E5A5B39621460791004AD72F /* Assets.xcassets */ = {isa = PBXFileReference; lastKnownFileType = folder.assetcatalog; path = Assets.xcassets; sourceTree = "<group>"; };
		E5A5B39921460791004AD72F /* Base */ = {isa = PBXFileReference; lastKnownFileType = file.storyboard; name = Base; path = Base.lproj/LaunchScreen.storyboard; sourceTree = "<group>"; };
		E5A5B39B21460791004AD72F /* Info.plist */ = {isa = PBXFileReference; lastKnownFileType = text.plist.xml; path = Info.plist; sourceTree = "<group>"; };
		E5A5B39C21460791004AD72F /* main.m */ = {isa = PBXFileReference; lastKnownFileType = sourcecode.c.objc; path = main.m; sourceTree = "<group>"; };
/* End PBXFileReference section */

/* Begin PBXFrameworksBuildPhase section */
		E5A5B38721460790004AD72F /* Frameworks */ = {
			isa = PBXFrameworksBuildPhase;
			buildActionMask = 2147483647;
			files = (
			);
			runOnlyForDeploymentPostprocessing = 0;
		};
/* End PBXFrameworksBuildPhase section */

/* Begin PBXGroup section */
		E5A5B38121460790004AD72F = {
			isa = PBXGroup;
			children = (
				E5A5B38C21460790004AD72F /* ProjectFramework */,
				E5A5B38B21460790004AD72F /* Products */,
			);
			sourceTree = "<group>";
		};
		E5A5B38B21460790004AD72F /* Products */ = {
			isa = PBXGroup;
			children = (
				E5A5B38A21460790004AD72F /* ProjectFramework.app */,
			);
			name = Products;
			sourceTree = "<group>";
		};
		E5A5B38C21460790004AD72F /* ProjectFramework */ = {
			isa = PBXGroup;
			children = (
				E5A5B38D21460790004AD72F /* AppDelegate.h */,
				E5A5B38E21460790004AD72F /* AppDelegate.m */,
				E5A5B39021460790004AD72F /* ViewController.h */,
				E5A5B39121460790004AD72F /* ViewController.m */,
				E5A5B3A3214607C1004AD72F /* SystemConfig */,
			);
			path = ProjectFramework;
			sourceTree = "<group>";
		};
		E5A5B3A3214607C1004AD72F /* SystemConfig */ = {
			isa = PBXGroup;
			children = (
				E5A5B39321460790004AD72F /* Main.storyboard */,
				E5A5B39621460791004AD72F /* Assets.xcassets */,
				E5A5B39821460791004AD72F /* LaunchScreen.storyboard */,
				E5A5B39B21460791004AD72F /* Info.plist */,
				E5A5B39C21460791004AD72F /* main.m */,
			);
			path = SystemConfig;
			sourceTree = "<group>";
		};
/* End PBXGroup section */

/* Begin PBXNativeTarget section */
		E5A5B38921460790004AD72F /* ProjectFramework */ = {
			isa = PBXNativeTarget;
			buildConfigurationList = E5A5B3A021460791004AD72F /* Build configuration list for PBXNativeTarget "ProjectFramework" */;
			buildPhases = (
				E5A5B38621460790004AD72F /* Sources */,
				E5A5B38721460790004AD72F /* Frameworks */,
				E5A5B38821460790004AD72F /* Resources */,
			);
			buildRules = (
			);
			dependencies = (
			);
			name = ProjectFramework;
			productName = ProjectFramework;
			productReference = E5A5B38A21460790004AD72F /* ProjectFramework.app */;
			productType = "com.apple.product-type.application";
		};
/* End PBXNativeTarget section */

/* Begin PBXProject section */
		E5A5B38221460790004AD72F /* Project object */ = {
			isa = PBXProject;
			attributes = {
				LastUpgradeCheck = 0940;
				ORGANIZATIONNAME = "周培玉";
				TargetAttributes = {
					E5A5B38921460790004AD72F = {
						CreatedOnToolsVersion = 9.4.1;
					};
				};
			};
			buildConfigurationList = E5A5B38521460790004AD72F /* Build configuration list for PBXProject "ProjectFramework" */;
			compatibilityVersion = "Xcode 9.3";
			developmentRegion = en;
			hasScannedForEncodings = 0;
			knownRegions = (
				en,
				Base,
			);
			mainGroup = E5A5B38121460790004AD72F;
			productRefGroup = E5A5B38B21460790004AD72F /* Products */;
			projectDirPath = "";
			projectRoot = "";
			targets = (
				E5A5B38921460790004AD72F /* ProjectFramework */,
			);
		};
/* End PBXProject section */

/* Begin PBXResourcesBuildPhase section */
		E5A5B38821460790004AD72F /* Resources */ = {
			isa = PBXResourcesBuildPhase;
			buildActionMask = 2147483647;
			files = (
				E5A5B39A21460791004AD72F /* LaunchScreen.storyboard in Resources */,
				E5A5B39721460791004AD72F /* Assets.xcassets in Resources */,
				E5A5B39521460790004AD72F /* Main.storyboard in Resources */,
			);
			runOnlyForDeploymentPostprocessing = 0;
		};
/* End PBXResourcesBuildPhase section */

/* Begin PBXSourcesBuildPhase section */
		E5A5B38621460790004AD72F /* Sources */ = {
			isa = PBXSourcesBuildPhase;
			buildActionMask = 2147483647;
			files = (
				E5A5B39221460790004AD72F /* ViewController.m in Sources */,
				E5A5B39D21460791004AD72F /* main.m in Sources */,
				E5A5B38F21460790004AD72F /* AppDelegate.m in Sources */,
			);
			runOnlyForDeploymentPostprocessing = 0;
		};
/* End PBXSourcesBuildPhase section */

/* Begin PBXVariantGroup section */
		E5A5B39321460790004AD72F /* Main.storyboard */ = {
			isa = PBXVariantGroup;
			children = (
				E5A5B39421460790004AD72F /* Base */,
			);
			name = Main.storyboard;
			sourceTree = "<group>";
		};
		E5A5B39821460791004AD72F /* LaunchScreen.storyboard */ = {
			isa = PBXVariantGroup;
			children = (
				E5A5B39921460791004AD72F /* Base */,
			);
			name = LaunchScreen.storyboard;
			sourceTree = "<group>";
		};
/* End PBXVariantGroup section */

/* Begin XCBuildConfiguration section */
		E5A5B39E21460791004AD72F /* Debug */ = {
			isa = XCBuildConfiguration;
			buildSettings = {
				ALWAYS_SEARCH_USER_PATHS = NO;
				CLANG_ANALYZER_NONNULL = YES;
				CLANG_ANALYZER_NUMBER_OBJECT_CONVERSION = YES_AGGRESSIVE;
				CLANG_CXX_LANGUAGE_STANDARD = "gnu++14";
				CLANG_CXX_LIBRARY = "libc++";
				CLANG_ENABLE_MODULES = YES;
				CLANG_ENABLE_OBJC_ARC = YES;
				CLANG_ENABLE_OBJC_WEAK = YES;
				CLANG_WARN_BLOCK_CAPTURE_AUTORELEASING = YES;
				CLANG_WARN_BOOL_CONVERSION = YES;
				CLANG_WARN_COMMA = YES;
				CLANG_WARN_CONSTANT_CONVERSION = YES;
				CLANG_WARN_DEPRECATED_OBJC_IMPLEMENTATIONS = YES;
				CLANG_WARN_DIRECT_OBJC_ISA_USAGE = YES_ERROR;
				CLANG_WARN_DOCUMENTATION_COMMENTS = YES;
				CLANG_WARN_EMPTY_BODY = YES;
				CLANG_WARN_ENUM_CONVERSION = YES;
				CLANG_WARN_INFINITE_RECURSION = YES;
				CLANG_WARN_INT_CONVERSION = YES;
				CLANG_WARN_NON_LITERAL_NULL_CONVERSION = YES;
				CLANG_WARN_OBJC_IMPLICIT_RETAIN_SELF = YES;
				CLANG_WARN_OBJC_LITERAL_CONVERSION = YES;
				CLANG_WARN_OBJC_ROOT_CLASS = YES_ERROR;
				CLANG_WARN_RANGE_LOOP_ANALYSIS = YES;
				CLANG_WARN_STRICT_PROTOTYPES = YES;
				CLANG_WARN_SUSPICIOUS_MOVE = YES;
				CLANG_WARN_UNGUARDED_AVAILABILITY = YES_AGGRESSIVE;
				CLANG_WARN_UNREACHABLE_CODE = YES;
				CLANG_WARN__DUPLICATE_METHOD_MATCH = YES;
				CODE_SIGN_IDENTITY = "iPhone Developer";
				COPY_PHASE_STRIP = NO;
				DEBUG_INFORMATION_FORMAT = dwarf;
				ENABLE_STRICT_OBJC_MSGSEND = YES;
				ENABLE_TESTABILITY = YES;
				GCC_C_LANGUAGE_STANDARD = gnu11;
				GCC_DYNAMIC_NO_PIC = NO;
				GCC_NO_COMMON_BLOCKS = YES;
				GCC_OPTIMIZATION_LEVEL = 0;
				GCC_PREPROCESSOR_DEFINITIONS = (
					"DEBUG=1",
					"$(inherited)",
				);
				GCC_WARN_64_TO_32_BIT_CONVERSION = YES;
				GCC_WARN_ABOUT_RETURN_TYPE = YES_ERROR;
				GCC_WARN_UNDECLARED_SELECTOR = YES;
				GCC_WARN_UNINITIALIZED_AUTOS = YES_AGGRESSIVE;
				GCC_WARN_UNUSED_FUNCTION = YES;
				GCC_WARN_UNUSED_VARIABLE = YES;
				IPHONEOS_DEPLOYMENT_TARGET = 11.4;
				MTL_ENABLE_DEBUG_INFO = YES;
				ONLY_ACTIVE_ARCH = YES;
				SDKROOT = iphoneos;
			};
			name = Debug;
		};
		E5A5B39F21460791004AD72F /* Release */ = {
			isa = XCBuildConfiguration;
			buildSettings = {
				ALWAYS_SEARCH_USER_PATHS = NO;
				CLANG_ANALYZER_NONNULL = YES;
				CLANG_ANALYZER_NUMBER_OBJECT_CONVERSION = YES_AGGRESSIVE;
				CLANG_CXX_LANGUAGE_STANDARD = "gnu++14";
				CLANG_CXX_LIBRARY = "libc++";
				CLANG_ENABLE_MODULES = YES;
				CLANG_ENABLE_OBJC_ARC = YES;
				CLANG_ENABLE_OBJC_WEAK = YES;
				CLANG_WARN_BLOCK_CAPTURE_AUTORELEASING = YES;
				CLANG_WARN_BOOL_CONVERSION = YES;
				CLANG_WARN_COMMA = YES;
				CLANG_WARN_CONSTANT_CONVERSION = YES;
				CLANG_WARN_DEPRECATED_OBJC_IMPLEMENTATIONS = YES;
				CLANG_WARN_DIRECT_OBJC_ISA_USAGE = YES_ERROR;
				CLANG_WARN_DOCUMENTATION_COMMENTS = YES;
				CLANG_WARN_EMPTY_BODY = YES;
				CLANG_WARN_ENUM_CONVERSION = YES;
				CLANG_WARN_INFINITE_RECURSION = YES;
				CLANG_WARN_INT_CONVERSION = YES;
				CLANG_WARN_NON_LITERAL_NULL_CONVERSION = YES;
				CLANG_WARN_OBJC_IMPLICIT_RETAIN_SELF = YES;
				CLANG_WARN_OBJC_LITERAL_CONVERSION = YES;
				CLANG_WARN_OBJC_ROOT_CLASS = YES_ERROR;
				CLANG_WARN_RANGE_LOOP_ANALYSIS = YES;
				CLANG_WARN_STRICT_PROTOTYPES = YES;
				CLANG_WARN_SUSPICIOUS_MOVE = YES;
				CLANG_WARN_UNGUARDED_AVAILABILITY = YES_AGGRESSIVE;
				CLANG_WARN_UNREACHABLE_CODE = YES;
				CLANG_WARN__DUPLICATE_METHOD_MATCH = YES;
				CODE_SIGN_IDENTITY = "iPhone Developer";
				COPY_PHASE_STRIP = NO;
				DEBUG_INFORMATION_FORMAT = "dwarf-with-dsym";
				ENABLE_NS_ASSERTIONS = NO;
				ENABLE_STRICT_OBJC_MSGSEND = YES;
				GCC_C_LANGUAGE_STANDARD = gnu11;
				GCC_NO_COMMON_BLOCKS = YES;
				GCC_WARN_64_TO_32_BIT_CONVERSION = YES;
				GCC_WARN_ABOUT_RETURN_TYPE = YES_ERROR;
				GCC_WARN_UNDECLARED_SELECTOR = YES;
				GCC_WARN_UNINITIALIZED_AUTOS = YES_AGGRESSIVE;
				GCC_WARN_UNUSED_FUNCTION = YES;
				GCC_WARN_UNUSED_VARIABLE = YES;
				IPHONEOS_DEPLOYMENT_TARGET = 11.4;
				MTL_ENABLE_DEBUG_INFO = NO;
				SDKROOT = iphoneos;
				VALIDATE_PRODUCT = YES;
			};
			name = Release;
		};
		E5A5B3A121460791004AD72F /* Debug */ = {
			isa = XCBuildConfiguration;
			buildSettings = {
				ASSETCATALOG_COMPILER_APPICON_NAME = AppIcon;
				CODE_SIGN_STYLE = Automatic;
				DEVELOPMENT_TEAM = G43YDC6B84;
				INFOPLIST_FILE = "$(SRCROOT)/ProjectFramework/SystemConfig/Info.plist";
				LD_RUNPATH_SEARCH_PATHS = (
					"$(inherited)",
					"@executable_path/Frameworks",
				);
				PRODUCT_BUNDLE_IDENTIFIER = "-048469059.ProjectFramework";
				PRODUCT_NAME = "$(TARGET_NAME)";
				TARGETED_DEVICE_FAMILY = "1,2";
			};
			name = Debug;
		};
		E5A5B3A221460791004AD72F /* Release */ = {
			isa = XCBuildConfiguration;
			buildSettings = {
				ASSETCATALOG_COMPILER_APPICON_NAME = AppIcon;
				CODE_SIGN_STYLE = Automatic;
				DEVELOPMENT_TEAM = G43YDC6B84;
				INFOPLIST_FILE = "$(SRCROOT)/ProjectFramework/SystemConfig/Info.plist";
				LD_RUNPATH_SEARCH_PATHS = (
					"$(inherited)",
					"@executable_path/Frameworks",
				);
				PRODUCT_BUNDLE_IDENTIFIER = "-048469059.ProjectFramework";
				PRODUCT_NAME = "$(TARGET_NAME)";
				TARGETED_DEVICE_FAMILY = "1,2";
			};
			name = Release;
		};
/* End XCBuildConfiguration section */

/* Begin XCConfigurationList section */
		E5A5B38521460790004AD72F /* Build configuration list for PBXProject "ProjectFramework" */ = {
			isa = XCConfigurationList;
			buildConfigurations = (
				E5A5B39E21460791004AD72F /* Debug */,
				E5A5B39F21460791004AD72F /* Release */,
			);
			defaultConfigurationIsVisible = 0;
			defaultConfigurationName = Release;
		};
		E5A5B3A021460791004AD72F /* Build configuration list for PBXNativeTarget "ProjectFramework" */ = {
			isa = XCConfigurationList;
			buildConfigurations = (
				E5A5B3A121460791004AD72F /* Debug */,
				E5A5B3A221460791004AD72F /* Release */,
			);
			defaultConfigurationIsVisible = 0;
			defaultConfigurationName = Release;
		};
/* End XCConfigurationList section */
	};
	rootObject = E5A5B38221460790004AD72F /* Project object */;
}
